{
  "name": "coin-scannersig",
  "lockfileVersion": 3,
  "requires": true,
  "packages": {
    "": {
      "dependencies": {
        "bootstrap": "^5.3.6",
        "jquery": "^3.7.1",
        "lodash": "^4.17.21",
        "opencv-ts": "^1.3.6",
        "opencv-wasm": "^4.3.0-10",
        "opencv.js": "^1.2.1"
      }
    },
    "node_modules/@popperjs/core": {
      "version": "2.11.8",
      "resolved": "https://registry.npmjs.org/@popperjs/core/-/core-2.11.8.tgz",
      "integrity": "sha512-P1st0aksCrn9sGZhp8GMYwBnQsbvAWsZAX44oXNNvLHGqAOcoVxmjZiohstwQ7SqKnbR47akdNi+uleWD8+g6A==",
      "license": "MIT",
      "peer": true,
      "funding": {
        "type": "opencollective",
        "url": "https://opencollective.com/popperjs"
      }
    },
    "node_modules/bootstrap": {
      "version": "5.3.6",
      "resolved": "https://registry.npmjs.org/bootstrap/-/bootstrap-5.3.6.tgz",
      "integrity": "sha512-jX0GAcRzvdwISuvArXn3m7KZscWWFAf1MKBcnzaN02qWMb3jpMoUX4/qgeiGzqyIb4ojulRzs89UCUmGcFSzTA==",
      "funding": [
        {
          "type": "github",
          "url": "https://github.com/sponsors/twbs"
        },
        {
          "type": "opencollective",
          "url": "https://opencollective.com/bootstrap"
        }
      ],
      "license": "MIT",
      "peerDependencies": {
        "@popperjs/core": "^2.11.8"
      }
    },
    "node_modules/jquery": {
      "version": "3.7.1",
      "resolved": "https://registry.npmjs.org/jquery/-/jquery-3.7.1.tgz",
      "integrity": "sha512-m4avr8yL8kmFN8psrbFFFmB/If14iN5o9nw/NgnnM+kybDJpRsAynV2BsfpTYrTRysYUdADVD7CkUUizgkpLfg==",
      "license": "MIT"
    },
    "node_modules/lodash": {
      "version": "4.17.21",
      "resolved": "https://registry.npmjs.org/lodash/-/lodash-4.17.21.tgz",
      "integrity": "sha512-v2kDEe57lecTulaDIuNTPy3Ry4gLGJ6Z1O3vE1krgXZNrsQ+LFTGHVxVjcXPs17LhbZVGedAJv8XZ1tvj5FvSg==",
      "license": "MIT"
    },
    "node_modules/opencv-ts": {
      "version": "1.3.6",
      "resolved": "https://registry.npmjs.org/opencv-ts/-/opencv-ts-1.3.6.tgz",
      "integrity": "sha512-8iG+ujpzsvc5W7vP0WH0TFUOODZFulp7SBzy2Av2xXmHrHVKw7HWKyutLxmstAkNa7nD6BgnDrEVxTsI/mDkeQ==",
      "license": "MIT",
      "dependencies": {
        "typescript": "^4.2.3"
      }
    },
    "node_modules/opencv-wasm": {
      "version": "4.3.0-10",
      "resolved": "https://registry.npmjs.org/opencv-wasm/-/opencv-wasm-4.3.0-10.tgz",
      "integrity": "sha512-EWmWLUzp2suoc6N44Y4ouWT85QwvShx23Q430R+lp6NyS828bjQn6mCgA3NJ6Z/S59aaTeeu+RhqPQIJIYld1w==",
      "license": "BSD-3-Clause"
    },
    "node_modules/opencv.js": {
      "version": "1.2.1",
      "resolved": "https://registry.npmjs.org/opencv.js/-/opencv.js-1.2.1.tgz",
      "integrity": "sha512-+ji5Pk3eyz+RRSeZr2kLZNJpjsKoGyPJOjFWng7+Cuq9ylHakBqJMxDGlBW1+qdju3k8DadWOiHJ6JaF28UpKA==",
      "license": "BSD-3-Clause"
    },
    "node_modules/typescript": {
      "version": "4.9.5",
      "resolved": "https://registry.npmjs.org/typescript/-/typescript-4.9.5.tgz",
      "integrity": "sha512-1FXk9E2Hm+QzZQ7z+McJiHL4NW1F2EzMu9Nq9i3zAaGqibafqYwCVU6WyWAuyQRRzOlxou8xZSyXLEN8oKj24g==",
      "license": "Apache-2.0",
      "bin": {
        "tsc": "bin/tsc",
        "tsserver": "bin/tsserver"
      },
      "engines": {
        "node": ">=4.2.0"
      }
    }
  }
}
